{
  "nodes": {
    "fenix": {
      "inputs": {
        "naersk": "naersk",
        "nixpkgs": [
          "nixpkgs"
        ],
        "rust-analyzer-src": "rust-analyzer-src"
      },
      "locked": {
        "lastModified": 1614911191,
        "narHash": "sha256-zzKIbYN5xvcTxHBbaP5wMUWHHeB7grMmMzl/qgwtDHI=",
        "owner": "figsoda",
        "repo": "fenix",
        "rev": "3d302ada7df1a4be1111e386ee829ec106d26985",
        "type": "github"
      },
      "original": {
        "owner": "figsoda",
        "repo": "fenix",
        "type": "github"
      }
    },
    "naersk": {
      "inputs": {
        "nixpkgs": [
          "nixpkgs"
        ]
      },
      "locked": {
        "lastModified": 1614785451,
        "narHash": "sha256-TPw8kQvr2UNCuvndtY+EjyXp6Q5GEW2l9UafXXh1XmI=",
        "owner": "nmattia",
        "repo": "naersk",
        "rev": "e0fe990b478a66178a58c69cf53daec0478ca6f9",
        "type": "github"
      },
      "original": {
        "owner": "nmattia",
        "repo": "naersk",
        "type": "github"
      }
    },
    "nixpkgs": {
      "locked": {
        "lastModified": 1614458356,
        "narHash": "sha256-5PBcS5ws/6sUMkX6dFzdsnbAb/Y0iZZrbeGHIuZh9Io=",
        "owner": "NixOS",
        "repo": "nixpkgs",
        "rev": "5df05c902cde398e056eb6271d5fe13e418db4c6",
        "type": "github"
      },
      "original": {
        "id": "nixpkgs",
        "ref": "nixpkgs-unstable",
        "type": "indirect"
      }
    },
    "root": {
      "inputs": {
        "fenix": "fenix",
        "nixpkgs": "nixpkgs",
        "utils": "utils"
      }
    },
    "rust-analyzer-src": {
      "flake": false,
      "locked": {
        "lastModified": 1614861576,
        "narHash": "sha256-ywOvqHPGcO1xpHnjqm1vkotbM/IfIHMgssXQotU+SFU=",
        "owner": "rust-analyzer",
        "repo": "rust-analyzer",
        "rev": "16a76aa158d0898d6a46d7bba7310150555a69b9",
        "type": "github"
      },
      "original": {
        "owner": "rust-analyzer",
        "ref": "nightly",
        "repo": "rust-analyzer",
        "type": "github"
      }
    },
    "utils": {
      "locked": {
        "lastModified": 1614513358,
        "narHash": "sha256-LakhOx3S1dRjnh0b5Dg3mbZyH0ToC9I8Y2wKSkBaTzU=",
        "owner": "numtide",
        "repo": "flake-utils",
        "rev": "5466c5bbece17adaab2d82fae80b46e807611bf3",
        "type": "github"
      },
      "original": {
        "owner": "numtide",
        "repo": "flake-utils",
        "type": "github"
      }
    }
  },
  "root": "root",
  "version": 7
}
